github.com/CodeYourFuture/curriculum/common-content v0.0.0-20250918161901-60e69840db1b h1:et7Ewde82e72Nsh9lL0CDMKrSm2Bs7RW9vyFD/xx9PQ=
github.com/CodeYourFuture/curriculum/common-content v0.0.0-20250918161901-60e69840db1b/go.mod h1:rOgK1+SWPDgXKSlAsn9V6qQWPwRmZ6y7YBeyP05bz9g=
github.com/CodeYourFuture/curriculum/common-content v0.0.0-20260316103721-1da8cab2b787 h1:+prfpwBjLmNil/CpNMk8knayD9YcIciCNvxXfwglQtE=
github.com/CodeYourFuture/curriculum/common-content v0.0.0-20260316103721-1da8cab2b787/go.mod h1:rOgK1+SWPDgXKSlAsn9V6qQWPwRmZ6y7YBeyP05bz9g=
github.com/CodeYourFuture/curriculum/common-content v0.0.0-20260316113204-83e619c7f961 h1:cTLZO2jL+H2nadNglUUrBhXCL2QkSrs/JpS9Ndvkj20=
github.com/CodeYourFuture/curriculum/common-content v0.0.0-20260316113204-83e619c7f961/go.mod h1:rOgK1+SWPDgXKSlAsn9V6qQWPwRmZ6y7YBeyP05bz9g=
github.com/CodeYourFuture/curriculum/common-theme v0.0.0-20250918161901-60e69840db1b h1:g5PqHwoz66kUzD6SC77f/NYlrmvKsgVf514R1QrObjI=
github.com/CodeYourFuture/curriculum/common-theme v0.0.0-20250918161901-60e69840db1b/go.mod h1:/HNwsNoCxhqgP0d38jENYyHYwPeH8GTVAqb7vTgQMT4=
github.com/CodeYourFuture/curriculum/common-theme v0.0.0-20260316103721-1da8cab2b787 h1:CQGB4/WmDRLZnXxE5UNj6+MogsOR+fZbMXzxgNlCTvg=
github.com/CodeYourFuture/curriculum/common-theme v0.0.0-20260316103721-1da8cab2b787/go.mod h1:/HNwsNoCxhqgP0d38jENYyHYwPeH8GTVAqb7vTgQMT4=
github.com/CodeYourFuture/curriculum/common-theme v0.0.0-20260316113204-83e619c7f961 h1:baXeAdVmduWTwexBpHXIHrr6/fOmW4SaOI0Z2fg14rw=
github.com/CodeYourFuture/curriculum/common-theme v0.0.0-20260316113204-83e619c7f961/go.mod h1:/HNwsNoCxhqgP0d38jENYyHYwPeH8GTVAqb7vTgQMT4=
github.com/CodeYourFuture/curriculum/org-cyf-guides v0.0.0-20250918161901-60e69840db1b h1:IDLuv9qNhppY1gER6AG34Eqv2bK+BlW163z7kRVLePU=
github.com/CodeYourFuture/curriculum/org-cyf-guides v0.0.0-20250918161901-60e69840db1b/go.mod h1:ClW+k55gL9t8KPXRorcyLxeoMdizlib6An0QU0It6pE=
github.com/CodeYourFuture/curriculum/org-cyf-guides v0.0.0-20260316113204-83e619c7f961 h1:gv+mDCT6emCPUS1OiRnP40y7Hn6L/0UXU8qsEVvMv3Y=
github.com/CodeYourFuture/curriculum/org-cyf-guides v0.0.0-20260316113204-83e619c7f961/go.mod h1:ClW+k55gL9t8KPXRorcyLxeoMdizlib6An0QU0It6pE=
github.com/CodeYourFuture/curriculum/org-cyf-theme v0.0.0-20250918161901-60e69840db1b h1:mS8Uz+iEmzNiTdtJ2ih3JO/40AcGFQR5wmxoDIPNrxs=
github.com/CodeYourFuture/curriculum/org-cyf-theme v0.0.0-20250918161901-60e69840db1b/go.mod h1:KJ+/ikVLwpP3qYyz1NxUn1V9qIMv7asauRPh9sRaR6U=
github.com/CodeYourFuture/curriculum/org-cyf-theme v0.0.0-20260316113204-83e619c7f961 h1:zsLKUMW7F/sXCv/iK9GHbstjwTsXSjQ4KpE4nJWIrb8=
github.com/CodeYourFuture/curriculum/org-cyf-theme v0.0.0-20260316113204-83e619c7f961/go.mod h1:KJ+/ikVLwpP3qYyz1NxUn1V9qIMv7asauRPh9sRaR6U=
